
Microsoft Visual Studio Solution File, Format Version 12.00
# Visual Studio 2013
VisualStudioVersion = 12.0.31101.0
MinimumVisualStudioVersion = 10.0.40219.1
Project("{FAE04EC0-301F-11D3-BF4B-00C04F79EFBC}") = "StormGenerator", "StormGenerator\StormGenerator.csproj", "{63E951A8-D094-449C-A77F-CA096D814E68}"
EndProject
Project("{FAE04EC0-301F-11D3-BF4B-00C04F79EFBC}") = "Storm", "Storm\Storm.csproj", "{377745A9-5931-4803-8EBC-6E3F59242F2B}"
EndProject
Project("{FAE04EC0-301F-11D3-BF4B-00C04F79EFBC}") = "Tests.Unit", "Tests.Unit\Tests.Unit.csproj", "{2DFEDC4C-2811-4C5A-A380-D21F4CB08E70}"
EndProject
Global
	GlobalSection(SolutionConfigurationPlatforms) = preSolution
		Debug|Any CPU = Debug|Any CPU
		Release|Any CPU = Release|Any CPU
	EndGlobalSection
	GlobalSection(ProjectConfigurationPlatforms) = postSolution
		{63E951A8-D094-449C-A77F-CA096D814E68}.Debug|Any CPU.ActiveCfg = Debug|Any CPU
		{63E951A8-D094-449C-A77F-CA096D814E68}.Debug|Any CPU.Build.0 = Debug|Any CPU
		{63E951A8-D094-449C-A77F-CA096D814E68}.Release|Any CPU.ActiveCfg = Release|Any CPU
		{63E951A8-D094-449C-A77F-CA096D814E68}.Release|Any CPU.Build.0 = Release|Any CPU
		{377745A9-5931-4803-8EBC-6E3F59242F2B}.Debug|Any CPU.ActiveCfg = Debug|Any CPU
		{377745A9-5931-4803-8EBC-6E3F59242F2B}.Debug|Any CPU.Build.0 = Debug|Any CPU
		{377745A9-5931-4803-8EBC-6E3F59242F2B}.Release|Any CPU.ActiveCfg = Release|Any CPU
		{377745A9-5931-4803-8EBC-6E3F59242F2B}.Release|Any CPU.Build.0 = Release|Any CPU
		{2DFEDC4C-2811-4C5A-A380-D21F4CB08E70}.Debug|Any CPU.ActiveCfg = Debug|Any CPU
		{2DFEDC4C-2811-4C5A-A380-D21F4CB08E70}.Debug|Any CPU.Build.0 = Debug|Any CPU
		{2DFEDC4C-2811-4C5A-A380-D21F4CB08E70}.Release|Any CPU.ActiveCfg = Release|Any CPU
		{2DFEDC4C-2811-4C5A-A380-D21F4CB08E70}.Release|Any CPU.Build.0 = Release|Any CPU
	EndGlobalSection
	GlobalSection(SolutionProperties) = preSolution
		HideSolutionNode = FALSE
	EndGlobalSection
EndGlobal
